{
  "name": "orbit-db-pubsub",
  "version": "0.5.2",
  "lockfileVersion": 1,
  "requires": true,
  "dependencies": {
    "ipfs-pubsub-peer-monitor": {
      "version": "0.0.4",
      "resolved": "https://registry.npmjs.org/ipfs-pubsub-peer-monitor/-/ipfs-pubsub-peer-monitor-0.0.4.tgz",
      "integrity": "sha512-HlT5B9Oru6EtND97f5gNB0iHmqHBqhve5fm5spnHDO6l3/81Fe0kkVfSzdCK+FdHgHwLzg8WdGt2mPuD30QQyQ==",
      "requires": {
        "p-forever": "1.0.1"
      }
    },
    "logplease": {
      "version": "1.2.14",
      "resolved": "https://registry.npmjs.org/logplease/-/logplease-1.2.14.tgz",
      "integrity": "sha512-n6bf1Ce0zvcmuyOzDi2xxLix6F1D/Niz7Qa4K3BmkjyaXcovzEjwZKUYsV+0F2Uv4rlXm5cToIEB+ynqSRdwGw=="
    },
    "p-forever": {
      "version": "1.0.1",
      "resolved": "https://registry.npmjs.org/p-forever/-/p-forever-1.0.1.tgz",
      "integrity": "sha512-9IVAxJdPk88BFMvPjzE+WTZLmAt/FBa47mYY49E2elBki4yJJmQ57XHu3o3Dm1GMde+Xf2d+PzElJIogAPwkug=="
    }
  }
}
