{
  "name": "orbit-db-pubsub",
  "version": "0.5.3",
  "lockfileVersion": 1,
  "requires": true,
  "dependencies": {
    "async": {
      "version": "2.6.1",
      "resolved": "https://registry.npmjs.org/async/-/async-2.6.1.tgz",
      "integrity": "sha512-fNEiL2+AZt6AlAw/29Cr0UDe4sRAHCpEHh54WMz+Bb7QfNcFw4h3loofyJpLeQs4Yx7yuqu/2dLgM5hKOs6HlQ==",
      "requires": {
        "lodash": "^4.17.10"
      }
    },
    "ipfs-pubsub-peer-monitor": {
      "version": "0.0.5",
      "resolved": "https://registry.npmjs.org/ipfs-pubsub-peer-monitor/-/ipfs-pubsub-peer-monitor-0.0.5.tgz",
      "integrity": "sha512-N+yBjG4tQNO6TFslDSCjdxY5cYgJGq8nhWjS77+rooUFVTCp8VbAODC6jsFoM0A7bS6kA8MbW3ee6VNu00QX9g==",
      "requires": {
        "p-forever": "^1.0.1"
      }
    },
    "lodash": {
      "version": "4.17.10",
      "resolved": "https://registry.npmjs.org/lodash/-/lodash-4.17.10.tgz",
      "integrity": "sha512-UejweD1pDoXu+AD825lWwp4ZGtSwgnpZxb3JDViD7StjQz+Nb/6l093lx4OQ0foGWNRoc19mWy7BzL+UAK2iVg=="
    },
    "logplease": {
      "version": "1.2.14",
      "resolved": "https://registry.npmjs.org/logplease/-/logplease-1.2.14.tgz",
      "integrity": "sha512-n6bf1Ce0zvcmuyOzDi2xxLix6F1D/Niz7Qa4K3BmkjyaXcovzEjwZKUYsV+0F2Uv4rlXm5cToIEB+ynqSRdwGw=="
    },
    "p-forever": {
      "version": "1.0.1",
      "resolved": "https://registry.npmjs.org/p-forever/-/p-forever-1.0.1.tgz",
      "integrity": "sha512-9IVAxJdPk88BFMvPjzE+WTZLmAt/FBa47mYY49E2elBki4yJJmQ57XHu3o3Dm1GMde+Xf2d+PzElJIogAPwkug=="
    }
  }
}
