{
  "name": "orbit-db-pubsub",
  "version": "0.5.1",
  "lockfileVersion": 1,
  "requires": true,
  "dependencies": {
    "debug": {
      "version": "3.1.0",
      "resolved": "https://registry.npmjs.org/debug/-/debug-3.1.0.tgz",
      "integrity": "sha512-OX8XqP7/1a9cqkxYw2yXss15f26NKWBpDXQd0/uK/KPqdQhxbPa994hnzjcE2VqQpDslf55723cKPUOGSmMY3g==",
      "requires": {
        "ms": "2.0.0"
      }
    },
    "hyperdiff": {
      "version": "2.0.4",
      "resolved": "https://registry.npmjs.org/hyperdiff/-/hyperdiff-2.0.4.tgz",
      "integrity": "sha512-rCRkwmjC2+X7YHyki1t/RCYD6NGWc9OGQiLyhSUArPWSfAeeGGBfUTApvfMEfGFov/zaVmssPWk8FN26Cz9yrQ==",
      "requires": {
        "debug": "3.1.0",
        "lodash.clonedeep": "4.5.0",
        "lodash.pullat": "4.6.0"
      }
    },
    "ipfs-pubsub-peer-monitor": {
      "version": "0.0.2",
      "resolved": "https://registry.npmjs.org/ipfs-pubsub-peer-monitor/-/ipfs-pubsub-peer-monitor-0.0.2.tgz",
      "integrity": "sha512-521TZNoUfQhVu1dJy+QTQwp/+icmx4pRGVxcOduXwzlGFKZl2UBh8I0LtVWuzm42+VdPUVaqAjYI1LDCActcYQ==",
      "requires": {
        "hyperdiff": "2.0.4"
      }
    },
    "lodash.clonedeep": {
      "version": "4.5.0",
      "resolved": "https://registry.npmjs.org/lodash.clonedeep/-/lodash.clonedeep-4.5.0.tgz",
      "integrity": "sha1-4j8/nE+Pvd6HJSnBBxhXoIblzO8="
    },
    "lodash.pullat": {
      "version": "4.6.0",
      "resolved": "https://registry.npmjs.org/lodash.pullat/-/lodash.pullat-4.6.0.tgz",
      "integrity": "sha1-vfrPDiCf0n+WXnEfplp3SoTTAmE="
    },
    "logplease": {
      "version": "1.2.14",
      "resolved": "https://registry.npmjs.org/logplease/-/logplease-1.2.14.tgz",
      "integrity": "sha512-n6bf1Ce0zvcmuyOzDi2xxLix6F1D/Niz7Qa4K3BmkjyaXcovzEjwZKUYsV+0F2Uv4rlXm5cToIEB+ynqSRdwGw=="
    },
    "ms": {
      "version": "2.0.0",
      "resolved": "https://registry.npmjs.org/ms/-/ms-2.0.0.tgz",
      "integrity": "sha1-VgiurfwAvmwpAd9fmGF4jeDVl8g="
    }
  }
}
